# Generated by pub
# See https://dart.dev/tools/pub/glossary#lockfile
packages:
  binary_stream:
    dependency: "direct main"
    description:
      name: binary_stream
      sha256: "947997671b185a4fd4e20803f4ce65df2cc1c88113698e8a9bee6e5ee7cd720c"
      url: "https://pub.dev"
    source: hosted
    version: "1.0.2"
  collection:
    dependency: transitive
    description:
      name: collection
      sha256: ee67cb0715911d28db6bf4af1026078bd6f0128b07a5f66fb2ed94ec6783c09a
      url: "https://pub.dev"
    source: hosted
    version: "1.18.0"
  vector_math:
    dependency: transitive
    description:
      name: vector_math
      sha256: "80b3257d1492ce4d091729e3a67a60407d227c27241d6927be0130c98e741803"
      url: "https://pub.dev"
    source: hosted
    version: "2.1.4"
sdks:
  dart: ">=3.3.0 <4.0.0"
